<?xml version="1.0" encoding="UTF-8" standalone="yes" ?>
<CodeBlocks_project_file>
	<FileVersion major="1" minor="6" />
	<Project>
		<Option title="OOp" />
		<Option pch_mode="2" />
		<Option compiler="gcc" />
		<Build>
			<Target title="Debug">
				<Option output="bin/Debug/OOp" prefix_auto="1" extension_auto="1" />
				<Option object_output="obj/Debug/" />
				<Option type="1" />
				<Option compiler="gcc" />
				<Compiler>
					<Add option="-g" />
				</Compiler>
			</Target>
			<Target title="Release">
				<Option output="bin/Release/OOp" prefix_auto="1" extension_auto="1" />
				<Option object_output="obj/Release/" />
				<Option type="1" />
				<Option compiler="gcc" />
				<Compiler>
					<Add option="-O2" />
				</Compiler>
				<Linker>
					<Add option="-s" />
				</Linker>
			</Target>
		</Build>
		<Compiler>
			<Add option="-Wall" />
			<Add option="-fexceptions" />
			<Add directory="G:/mingw/include/SDL2" />
		</Compiler>
		<Linker>
			<Add option="-lmingw32 -lSDL2main -lSDL2 -lSDL2_image -lSDL2_mixer -lSDL2_ttf" />
			<Add directory="G:/mingw/lib" />
		</Linker>
		<Unit filename="Lawn.cpp" />
		<Unit filename="Lawn.h" />
		<Unit filename="Main_Menu.cpp" />
		<Unit filename="Main_Menu.h" />
		<Unit filename="Music.cpp" />
		<Unit filename="Music.h" />
		<Unit filename="New_Game.cpp" />
		<Unit filename="New_Game.h" />
		<Unit filename="Pause_Game.cpp" />
		<Unit filename="Pause_Game.h" />
		<Unit filename="Region.cpp" />
		<Unit filename="Region.h" />
		<Unit filename="Sound.cpp" />
		<Unit filename="Sound.h" />
		<Unit filename="Splash_Screen.cpp" />
		<Unit filename="Splash_Screen.h" />
		<Unit filename="Sun.cpp" />
		<Unit filename="Sun.h" />
		<Unit filename="Text_Image.cpp" />
		<Unit filename="Text_Image.h" />
		<Unit filename="chomper_Card.cpp" />
		<Unit filename="chomper_Card.h" />
		<Unit filename="main.cpp" />
		<Unit filename="peaPlant_Card.cpp" />
		<Unit filename="peaPlant_Card.h" />
		<Unit filename="plant_Card.cpp" />
		<Unit filename="plant_Card.h" />
		<Unit filename="screen_Image.cpp" />
		<Unit filename="screen_Image.h" />
		<Unit filename="sunFlower_Card.cpp" />
		<Unit filename="sunFlower_Card.h" />
		<Unit filename="sun_Count.cpp" />
		<Unit filename="sun_Count.h" />
		<Extensions>
			<code_completion />
			<envvars />
			<debugger />
			<lib_finder disable_auto="1" />
		</Extensions>
	</Project>
</CodeBlocks_project_file>
